// !$*UTF8*$!
{
	archiveVersion = 1;
	classes = {
	};
	objectVersion = 46;
	objects = {

/* Begin PBXBuildFile section */
		2E8723D4171DD1DD00E85C7D /* ANSaveableScene.m in Sources */ = {isa = PBXBuildFile; fileRef = 2E8723D3171DD1DD00E85C7D /* ANSaveableScene.m */; };
		FA28D69A171D6B5F006CF269 /* ANSpring.m in Sources */ = {isa = PBXBuildFile; fileRef = FA28D699171D6B5F006CF269 /* ANSpring.m */; };
		FA28D6A2171D6CD3006CF269 /* ANDraggableArrow.m in Sources */ = {isa = PBXBuildFile; fileRef = FA28D69D171D6CD3006CF269 /* ANDraggableArrow.m */; };
		FA28D6A3171D6CD3006CF269 /* ANDraggableLink.m in Sources */ = {isa = PBXBuildFile; fileRef = FA28D69F171D6CD3006CF269 /* ANDraggableLink.m */; };
		FA28D6A4171D6CD3006CF269 /* ANDraggableSpring.m in Sources */ = {isa = PBXBuildFile; fileRef = FA28D6A1171D6CD3006CF269 /* ANDraggableSpring.m */; };
		FA28D6A7171D6CDB006CF269 /* ANLiveSpring.m in Sources */ = {isa = PBXBuildFile; fileRef = FA28D6A6171D6CDB006CF269 /* ANLiveSpring.m */; };
		FA2B9CB316D2C6B400F962D7 /* dotted_box.png in Resources */ = {isa = PBXBuildFile; fileRef = FA2B9CB116D2C6B400F962D7 /* dotted_box.png */; };
		FA2B9CB416D2C6B400F962D7 /* dotted_box_down.png in Resources */ = {isa = PBXBuildFile; fileRef = FA2B9CB216D2C6B400F962D7 /* dotted_box_down.png */; };
		FA2B9CB716D2C6D800F962D7 /* ANHomeViewController.m in Sources */ = {isa = PBXBuildFile; fileRef = FA2B9CB616D2C6D800F962D7 /* ANHomeViewController.m */; };
		FA2B9CC316D2C9FE00F962D7 /* ANDocumentInfo.m in Sources */ = {isa = PBXBuildFile; fileRef = FA2B9CC016D2C9FE00F962D7 /* ANDocumentInfo.m */; };
		FA2B9CC416D2C9FE00F962D7 /* ANDocumentManager.m in Sources */ = {isa = PBXBuildFile; fileRef = FA2B9CC216D2C9FE00F962D7 /* ANDocumentManager.m */; };
		FA2B9CC716D2CE6B00F962D7 /* ANOpenViewController.m in Sources */ = {isa = PBXBuildFile; fileRef = FA2B9CC616D2CE6B00F962D7 /* ANOpenViewController.m */; };
		FA2B9CCA16D2D47300F962D7 /* ANCreateViewController.m in Sources */ = {isa = PBXBuildFile; fileRef = FA2B9CC916D2D47300F962D7 /* ANCreateViewController.m */; };
		FA2B9CD416D2E0E300F962D7 /* ANDocumentViewController.m in Sources */ = {isa = PBXBuildFile; fileRef = FA2B9CD116D2E0E300F962D7 /* ANDocumentViewController.m */; };
		FA2B9CD816D2E91200F962D7 /* ANSceneView.m in Sources */ = {isa = PBXBuildFile; fileRef = FA2B9CD716D2E91200F962D7 /* ANSceneView.m */; };
		FA7F1BBF16D3172A00B69355 /* icon@2x.png in Resources */ = {isa = PBXBuildFile; fileRef = FA7F1BBE16D3172A00B69355 /* icon@2x.png */; };
		FA84186516CF2A41003CD19C /* UIKit.framework in Frameworks */ = {isa = PBXBuildFile; fileRef = FA84186416CF2A41003CD19C /* UIKit.framework */; };
		FA84186716CF2A41003CD19C /* Foundation.framework in Frameworks */ = {isa = PBXBuildFile; fileRef = FA84186616CF2A41003CD19C /* Foundation.framework */; };
		FA84186916CF2A41003CD19C /* CoreGraphics.framework in Frameworks */ = {isa = PBXBuildFile; fileRef = FA84186816CF2A41003CD19C /* CoreGraphics.framework */; };
		FA84186F16CF2A41003CD19C /* InfoPlist.strings in Resources */ = {isa = PBXBuildFile; fileRef = FA84186D16CF2A41003CD19C /* InfoPlist.strings */; };
		FA84187116CF2A41003CD19C /* main.m in Sources */ = {isa = PBXBuildFile; fileRef = FA84187016CF2A41003CD19C /* main.m */; };
		FA84187516CF2A41003CD19C /* ANAppDelegate.m in Sources */ = {isa = PBXBuildFile; fileRef = FA84187416CF2A41003CD19C /* ANAppDelegate.m */; };
		FA84187716CF2A41003CD19C /* Default.png in Resources */ = {isa = PBXBuildFile; fileRef = FA84187616CF2A41003CD19C /* Default.png */; };
		FA84187916CF2A41003CD19C /* Default@2x.png in Resources */ = {isa = PBXBuildFile; fileRef = FA84187816CF2A41003CD19C /* Default@2x.png */; };
		FA84187B16CF2A41003CD19C /* Default-568h@2x.png in Resources */ = {isa = PBXBuildFile; fileRef = FA84187A16CF2A41003CD19C /* Default-568h@2x.png */; };
		FA84189216CF2D3B003CD19C /* ANParticle.m in Sources */ = {isa = PBXBuildFile; fileRef = FA84189016CF2D3B003CD19C /* ANParticle.m */; };
		FA84189716CF2F08003CD19C /* ANVector2D.m in Sources */ = {isa = PBXBuildFile; fileRef = FA84189616CF2F08003CD19C /* ANVector2D.m */; };
		FACFF98216D309650067BE54 /* ANParticleViewController.m in Sources */ = {isa = PBXBuildFile; fileRef = FACFF98116D309650067BE54 /* ANParticleViewController.m */; };
		FAF7444D16D6DACE00096CF2 /* ANLiveParticle.m in Sources */ = {isa = PBXBuildFile; fileRef = FAF7444B16D6DACE00096CF2 /* ANLiveParticle.m */; };
		FAFE68A316D44926008CD6C9 /* ANSelectableTextField.m in Sources */ = {isa = PBXBuildFile; fileRef = FAFE68A216D44926008CD6C9 /* ANSelectableTextField.m */; };
		FAFE68A616D44D14008CD6C9 /* ANRenameViewController.m in Sources */ = {isa = PBXBuildFile; fileRef = FAFE68A516D44D14008CD6C9 /* ANRenameViewController.m */; };
/* End PBXBuildFile section */

/* Begin PBXFileReference section */
		2E8723D2171DD1DD00E85C7D /* ANSaveableScene.h */ = {isa = PBXFileReference; fileEncoding = 4; lastKnownFileType = sourcecode.c.h; path = ANSaveableScene.h; sourceTree = "<group>"; };
		2E8723D3171DD1DD00E85C7D /* ANSaveableScene.m */ = {isa = PBXFileReference; fileEncoding = 4; lastKnownFileType = sourcecode.c.objc; path = ANSaveableScene.m; sourceTree = "<group>"; };
		FA28D698171D6B5F006CF269 /* ANSpring.h */ = {isa = PBXFileReference; fileEncoding = 4; lastKnownFileType = sourcecode.c.h; path = ANSpring.h; sourceTree = "<group>"; };
		FA28D699171D6B5F006CF269 /* ANSpring.m */ = {isa = PBXFileReference; fileEncoding = 4; lastKnownFileType = sourcecode.c.objc; path = ANSpring.m; sourceTree = "<group>"; };
		FA28D69C171D6CD3006CF269 /* ANDraggableArrow.h */ = {isa = PBXFileReference; fileEncoding = 4; lastKnownFileType = sourcecode.c.h; path = ANDraggableArrow.h; sourceTree = "<group>"; };
		FA28D69D171D6CD3006CF269 /* ANDraggableArrow.m */ = {isa = PBXFileReference; fileEncoding = 4; lastKnownFileType = sourcecode.c.objc; path = ANDraggableArrow.m; sourceTree = "<group>"; };
		FA28D69E171D6CD3006CF269 /* ANDraggableLink.h */ = {isa = PBXFileReference; fileEncoding = 4; lastKnownFileType = sourcecode.c.h; path = ANDraggableLink.h; sourceTree = "<group>"; };
		FA28D69F171D6CD3006CF269 /* ANDraggableLink.m */ = {isa = PBXFileReference; fileEncoding = 4; lastKnownFileType = sourcecode.c.objc; path = ANDraggableLink.m; sourceTree = "<group>"; };
		FA28D6A0171D6CD3006CF269 /* ANDraggableSpring.h */ = {isa = PBXFileReference; fileEncoding = 4; lastKnownFileType = sourcecode.c.h; path = ANDraggableSpring.h; sourceTree = "<group>"; };
		FA28D6A1171D6CD3006CF269 /* ANDraggableSpring.m */ = {isa = PBXFileReference; fileEncoding = 4; lastKnownFileType = sourcecode.c.objc; path = ANDraggableSpring.m; sourceTree = "<group>"; };
		FA28D6A5171D6CDB006CF269 /* ANLiveSpring.h */ = {isa = PBXFileReference; fileEncoding = 4; lastKnownFileType = sourcecode.c.h; path = ANLiveSpring.h; sourceTree = "<group>"; };
		FA28D6A6171D6CDB006CF269 /* ANLiveSpring.m */ = {isa = PBXFileReference; fileEncoding = 4; lastKnownFileType = sourcecode.c.objc; path = ANLiveSpring.m; sourceTree = "<group>"; };
		FA2B9CB116D2C6B400F962D7 /* dotted_box.png */ = {isa = PBXFileReference; lastKnownFileType = image.png; path = dotted_box.png; sourceTree = "<group>"; };
		FA2B9CB216D2C6B400F962D7 /* dotted_box_down.png */ = {isa = PBXFileReference; lastKnownFileType = image.png; path = dotted_box_down.png; sourceTree = "<group>"; };
		FA2B9CB516D2C6D800F962D7 /* ANHomeViewController.h */ = {isa = PBXFileReference; fileEncoding = 4; lastKnownFileType = sourcecode.c.h; path = ANHomeViewController.h; sourceTree = "<group>"; };
		FA2B9CB616D2C6D800F962D7 /* ANHomeViewController.m */ = {isa = PBXFileReference; fileEncoding = 4; lastKnownFileType = sourcecode.c.objc; path = ANHomeViewController.m; sourceTree = "<group>"; };
		FA2B9CBF16D2C9FE00F962D7 /* ANDocumentInfo.h */ = {isa = PBXFileReference; fileEncoding = 4; lastKnownFileType = sourcecode.c.h; path = ANDocumentInfo.h; sourceTree = "<group>"; };
		FA2B9CC016D2C9FE00F962D7 /* ANDocumentInfo.m */ = {isa = PBXFileReference; fileEncoding = 4; lastKnownFileType = sourcecode.c.objc; path = ANDocumentInfo.m; sourceTree = "<group>"; };
		FA2B9CC116D2C9FE00F962D7 /* ANDocumentManager.h */ = {isa = PBXFileReference; fileEncoding = 4; lastKnownFileType = sourcecode.c.h; path = ANDocumentManager.h; sourceTree = "<group>"; };
		FA2B9CC216D2C9FE00F962D7 /* ANDocumentManager.m */ = {isa = PBXFileReference; fileEncoding = 4; lastKnownFileType = sourcecode.c.objc; path = ANDocumentManager.m; sourceTree = "<group>"; };
		FA2B9CC516D2CE6B00F962D7 /* ANOpenViewController.h */ = {isa = PBXFileReference; fileEncoding = 4; lastKnownFileType = sourcecode.c.h; path = ANOpenViewController.h; sourceTree = "<group>"; };
		FA2B9CC616D2CE6B00F962D7 /* ANOpenViewController.m */ = {isa = PBXFileReference; fileEncoding = 4; lastKnownFileType = sourcecode.c.objc; path = ANOpenViewController.m; sourceTree = "<group>"; };
		FA2B9CC816D2D47300F962D7 /* ANCreateViewController.h */ = {isa = PBXFileReference; fileEncoding = 4; lastKnownFileType = sourcecode.c.h; path = ANCreateViewController.h; sourceTree = "<group>"; };
		FA2B9CC916D2D47300F962D7 /* ANCreateViewController.m */ = {isa = PBXFileReference; fileEncoding = 4; lastKnownFileType = sourcecode.c.objc; path = ANCreateViewController.m; sourceTree = "<group>"; };
		FA2B9CD016D2E0E300F962D7 /* ANDocumentViewController.h */ = {isa = PBXFileReference; fileEncoding = 4; lastKnownFileType = sourcecode.c.h; path = ANDocumentViewController.h; sourceTree = "<group>"; };
		FA2B9CD116D2E0E300F962D7 /* ANDocumentViewController.m */ = {isa = PBXFileReference; fileEncoding = 4; lastKnownFileType = sourcecode.c.objc; path = ANDocumentViewController.m; sourceTree = "<group>"; };
		FA2B9CD616D2E91200F962D7 /* ANSceneView.h */ = {isa = PBXFileReference; fileEncoding = 4; lastKnownFileType = sourcecode.c.h; path = ANSceneView.h; sourceTree = "<group>"; };
		FA2B9CD716D2E91200F962D7 /* ANSceneView.m */ = {isa = PBXFileReference; fileEncoding = 4; lastKnownFileType = sourcecode.c.objc; path = ANSceneView.m; sourceTree = "<group>"; };
		FA7F1BBE16D3172A00B69355 /* icon@2x.png */ = {isa = PBXFileReference; lastKnownFileType = image.png; path = "icon@2x.png"; sourceTree = "<group>"; };
		FA84186016CF2A41003CD19C /* Electrostatics.app */ = {isa = PBXFileReference; explicitFileType = wrapper.application; includeInIndex = 0; path = Electrostatics.app; sourceTree = BUILT_PRODUCTS_DIR; };
		FA84186416CF2A41003CD19C /* UIKit.framework */ = {isa = PBXFileReference; lastKnownFileType = wrapper.framework; name = UIKit.framework; path = System/Library/Frameworks/UIKit.framework; sourceTree = SDKROOT; };
		FA84186616CF2A41003CD19C /* Foundation.framework */ = {isa = PBXFileReference; lastKnownFileType = wrapper.framework; name = Foundation.framework; path = System/Library/Frameworks/Foundation.framework; sourceTree = SDKROOT; };
		FA84186816CF2A41003CD19C /* CoreGraphics.framework */ = {isa = PBXFileReference; lastKnownFileType = wrapper.framework; name = CoreGraphics.framework; path = System/Library/Frameworks/CoreGraphics.framework; sourceTree = SDKROOT; };
		FA84186C16CF2A41003CD19C /* Electrostatics-Info.plist */ = {isa = PBXFileReference; lastKnownFileType = text.plist.xml; path = "Electrostatics-Info.plist"; sourceTree = "<group>"; };
		FA84186E16CF2A41003CD19C /* en */ = {isa = PBXFileReference; lastKnownFileType = text.plist.strings; name = en; path = en.lproj/InfoPlist.strings; sourceTree = "<group>"; };
		FA84187016CF2A41003CD19C /* main.m */ = {isa = PBXFileReference; lastKnownFileType = sourcecode.c.objc; path = main.m; sourceTree = "<group>"; };
		FA84187216CF2A41003CD19C /* Electrostatics-Prefix.pch */ = {isa = PBXFileReference; lastKnownFileType = sourcecode.c.h; path = "Electrostatics-Prefix.pch"; sourceTree = "<group>"; };
		FA84187316CF2A41003CD19C /* ANAppDelegate.h */ = {isa = PBXFileReference; lastKnownFileType = sourcecode.c.h; path = ANAppDelegate.h; sourceTree = "<group>"; };
		FA84187416CF2A41003CD19C /* ANAppDelegate.m */ = {isa = PBXFileReference; lastKnownFileType = sourcecode.c.objc; path = ANAppDelegate.m; sourceTree = "<group>"; };
		FA84187616CF2A41003CD19C /* Default.png */ = {isa = PBXFileReference; lastKnownFileType = image.png; path = Default.png; sourceTree = "<group>"; };
		FA84187816CF2A41003CD19C /* Default@2x.png */ = {isa = PBXFileReference; lastKnownFileType = image.png; path = "Default@2x.png"; sourceTree = "<group>"; };
		FA84187A16CF2A41003CD19C /* Default-568h@2x.png */ = {isa = PBXFileReference; lastKnownFileType = image.png; path = "Default-568h@2x.png"; sourceTree = "<group>"; };
		FA84188F16CF2D3B003CD19C /* ANParticle.h */ = {isa = PBXFileReference; fileEncoding = 4; lastKnownFileType = sourcecode.c.h; path = ANParticle.h; sourceTree = "<group>"; };
		FA84189016CF2D3B003CD19C /* ANParticle.m */ = {isa = PBXFileReference; fileEncoding = 4; lastKnownFileType = sourcecode.c.objc; path = ANParticle.m; sourceTree = "<group>"; };
		FA84189316CF2D6A003CD19C /* ANVector2D.h */ = {isa = PBXFileReference; fileEncoding = 4; lastKnownFileType = sourcecode.c.h; path = ANVector2D.h; sourceTree = "<group>"; };
		FA84189616CF2F08003CD19C /* ANVector2D.m */ = {isa = PBXFileReference; fileEncoding = 4; lastKnownFileType = sourcecode.c.objc; path = ANVector2D.m; sourceTree = "<group>"; };
		FACFF98016D309650067BE54 /* ANParticleViewController.h */ = {isa = PBXFileReference; fileEncoding = 4; lastKnownFileType = sourcecode.c.h; path = ANParticleViewController.h; sourceTree = "<group>"; };
		FACFF98116D309650067BE54 /* ANParticleViewController.m */ = {isa = PBXFileReference; fileEncoding = 4; lastKnownFileType = sourcecode.c.objc; path = ANParticleViewController.m; sourceTree = "<group>"; };
		FAF7444A16D6DACE00096CF2 /* ANLiveParticle.h */ = {isa = PBXFileReference; fileEncoding = 4; lastKnownFileType = sourcecode.c.h; path = ANLiveParticle.h; sourceTree = "<group>"; };
		FAF7444B16D6DACE00096CF2 /* ANLiveParticle.m */ = {isa = PBXFileReference; fileEncoding = 4; lastKnownFileType = sourcecode.c.objc; path = ANLiveParticle.m; sourceTree = "<group>"; };
		FAFE68A116D44926008CD6C9 /* ANSelectableTextField.h */ = {isa = PBXFileReference; fileEncoding = 4; lastKnownFileType = sourcecode.c.h; path = ANSelectableTextField.h; sourceTree = "<group>"; };
		FAFE68A216D44926008CD6C9 /* ANSelectableTextField.m */ = {isa = PBXFileReference; fileEncoding = 4; lastKnownFileType = sourcecode.c.objc; path = ANSelectableTextField.m; sourceTree = "<group>"; };
		FAFE68A416D44D14008CD6C9 /* ANRenameViewController.h */ = {isa = PBXFileReference; fileEncoding = 4; lastKnownFileType = sourcecode.c.h; path = ANRenameViewController.h; sourceTree = "<group>"; };
		FAFE68A516D44D14008CD6C9 /* ANRenameViewController.m */ = {isa = PBXFileReference; fileEncoding = 4; lastKnownFileType = sourcecode.c.objc; path = ANRenameViewController.m; sourceTree = "<group>"; };
/* End PBXFileReference section */

/* Begin PBXFrameworksBuildPhase section */
		FA84185D16CF2A41003CD19C /* Frameworks */ = {
			isa = PBXFrameworksBuildPhase;
			buildActionMask = 2147483647;
			files = (
				FA84186516CF2A41003CD19C /* UIKit.framework in Frameworks */,
				FA84186716CF2A41003CD19C /* Foundation.framework in Frameworks */,
				FA84186916CF2A41003CD19C /* CoreGraphics.framework in Frameworks */,
			);
			runOnlyForDeploymentPostprocessing = 0;
		};
/* End PBXFrameworksBuildPhase section */

/* Begin PBXGroup section */
		FA28D69B171D6CD3006CF269 /* Draggable */ = {
			isa = PBXGroup;
			children = (
				FA28D69C171D6CD3006CF269 /* ANDraggableArrow.h */,
				FA28D69D171D6CD3006CF269 /* ANDraggableArrow.m */,
				FA28D69E171D6CD3006CF269 /* ANDraggableLink.h */,
				FA28D69F171D6CD3006CF269 /* ANDraggableLink.m */,
				FA28D6A0171D6CD3006CF269 /* ANDraggableSpring.h */,
				FA28D6A1171D6CD3006CF269 /* ANDraggableSpring.m */,
			);
			path = Draggable;
			sourceTree = "<group>";
		};
		FA2B9CBE16D2C9FE00F962D7 /* Document Manager */ = {
			isa = PBXGroup;
			children = (
				2E8723D2171DD1DD00E85C7D /* ANSaveableScene.h */,
				2E8723D3171DD1DD00E85C7D /* ANSaveableScene.m */,
				FA2B9CC116D2C9FE00F962D7 /* ANDocumentManager.h */,
				FA2B9CC216D2C9FE00F962D7 /* ANDocumentManager.m */,
				FA2B9CBF16D2C9FE00F962D7 /* ANDocumentInfo.h */,
				FA2B9CC016D2C9FE00F962D7 /* ANDocumentInfo.m */,
			);
			path = "Document Manager";
			sourceTree = "<group>";
		};
		FA2B9CCF16D2E0E300F962D7 /* Main View */ = {
			isa = PBXGroup;
			children = (
				FAF7444716D6DACE00096CF2 /* Drawing Elements */,
				FA2B9CD016D2E0E300F962D7 /* ANDocumentViewController.h */,
				FA2B9CD116D2E0E300F962D7 /* ANDocumentViewController.m */,
				FA2B9CD616D2E91200F962D7 /* ANSceneView.h */,
				FA2B9CD716D2E91200F962D7 /* ANSceneView.m */,
				FACFF98016D309650067BE54 /* ANParticleViewController.h */,
				FACFF98116D309650067BE54 /* ANParticleViewController.m */,
			);
			path = "Main View";
			sourceTree = "<group>";
		};
		FA84185516CF2A41003CD19C = {
			isa = PBXGroup;
			children = (
				FA84186A16CF2A41003CD19C /* Electrostatics */,
				FA84186316CF2A41003CD19C /* Frameworks */,
				FA84186116CF2A41003CD19C /* Products */,
			);
			sourceTree = "<group>";
		};
		FA84186116CF2A41003CD19C /* Products */ = {
			isa = PBXGroup;
			children = (
				FA84186016CF2A41003CD19C /* Electrostatics.app */,
			);
			name = Products;
			sourceTree = "<group>";
		};
		FA84186316CF2A41003CD19C /* Frameworks */ = {
			isa = PBXGroup;
			children = (
				FA84186416CF2A41003CD19C /* UIKit.framework */,
				FA84186616CF2A41003CD19C /* Foundation.framework */,
				FA84186816CF2A41003CD19C /* CoreGraphics.framework */,
			);
			name = Frameworks;
			sourceTree = "<group>";
		};
		FA84186A16CF2A41003CD19C /* Electrostatics */ = {
			isa = PBXGroup;
			children = (
				FA2B9CCF16D2E0E300F962D7 /* Main View */,
				FA2B9CBE16D2C9FE00F962D7 /* Document Manager */,
				FA84188E16CF2D3B003CD19C /* Physics */,
				FA84187316CF2A41003CD19C /* ANAppDelegate.h */,
				FA84187416CF2A41003CD19C /* ANAppDelegate.m */,
				FA2B9CB516D2C6D800F962D7 /* ANHomeViewController.h */,
				FA2B9CB616D2C6D800F962D7 /* ANHomeViewController.m */,
				FA2B9CC516D2CE6B00F962D7 /* ANOpenViewController.h */,
				FA2B9CC616D2CE6B00F962D7 /* ANOpenViewController.m */,
				FA2B9CC816D2D47300F962D7 /* ANCreateViewController.h */,
				FA2B9CC916D2D47300F962D7 /* ANCreateViewController.m */,
				FAFE68A416D44D14008CD6C9 /* ANRenameViewController.h */,
				FAFE68A516D44D14008CD6C9 /* ANRenameViewController.m */,
				FAFE68A116D44926008CD6C9 /* ANSelectableTextField.h */,
				FAFE68A216D44926008CD6C9 /* ANSelectableTextField.m */,
				FA84186B16CF2A41003CD19C /* Supporting Files */,
			);
			path = Electrostatics;
			sourceTree = "<group>";
		};
		FA84186B16CF2A41003CD19C /* Supporting Files */ = {
			isa = PBXGroup;
			children = (
				FA7F1BBE16D3172A00B69355 /* icon@2x.png */,
				FA2B9CB116D2C6B400F962D7 /* dotted_box.png */,
				FA2B9CB216D2C6B400F962D7 /* dotted_box_down.png */,
				FA84186C16CF2A41003CD19C /* Electrostatics-Info.plist */,
				FA84186D16CF2A41003CD19C /* InfoPlist.strings */,
				FA84187016CF2A41003CD19C /* main.m */,
				FA84187216CF2A41003CD19C /* Electrostatics-Prefix.pch */,
				FA84187616CF2A41003CD19C /* Default.png */,
				FA84187816CF2A41003CD19C /* Default@2x.png */,
				FA84187A16CF2A41003CD19C /* Default-568h@2x.png */,
			);
			name = "Supporting Files";
			sourceTree = "<group>";
		};
		FA84188E16CF2D3B003CD19C /* Physics */ = {
			isa = PBXGroup;
			children = (
				FA28D698171D6B5F006CF269 /* ANSpring.h */,
				FA28D699171D6B5F006CF269 /* ANSpring.m */,
				FA84188F16CF2D3B003CD19C /* ANParticle.h */,
				FA84189016CF2D3B003CD19C /* ANParticle.m */,
				FA84189316CF2D6A003CD19C /* ANVector2D.h */,
				FA84189616CF2F08003CD19C /* ANVector2D.m */,
			);
			path = Physics;
			sourceTree = "<group>";
		};
		FAF7444716D6DACE00096CF2 /* Drawing Elements */ = {
			isa = PBXGroup;
			children = (
				FA28D69B171D6CD3006CF269 /* Draggable */,
				FAF7444A16D6DACE00096CF2 /* ANLiveParticle.h */,
				FAF7444B16D6DACE00096CF2 /* ANLiveParticle.m */,
				FA28D6A5171D6CDB006CF269 /* ANLiveSpring.h */,
				FA28D6A6171D6CDB006CF269 /* ANLiveSpring.m */,
			);
			path = "Drawing Elements";
			sourceTree = "<group>";
		};
/* End PBXGroup section */

/* Begin PBXNativeTarget section */
		FA84185F16CF2A41003CD19C /* Electrostatics */ = {
			isa = PBXNativeTarget;
			buildConfigurationList = FA84187E16CF2A41003CD19C /* Build configuration list for PBXNativeTarget "Electrostatics" */;
			buildPhases = (
				FA84185C16CF2A41003CD19C /* Sources */,
				FA84185D16CF2A41003CD19C /* Frameworks */,
				FA84185E16CF2A41003CD19C /* Resources */,
			);
			buildRules = (
			);
			dependencies = (
			);
			name = Electrostatics;
			productName = Electrostatics;
			productReference = FA84186016CF2A41003CD19C /* Electrostatics.app */;
			productType = "com.apple.product-type.application";
		};
/* End PBXNativeTarget section */

/* Begin PBXProject section */
		FA84185716CF2A41003CD19C /* Project object */ = {
			isa = PBXProject;
			attributes = {
				CLASSPREFIX = AN;
				LastUpgradeCheck = 0450;
				ORGANIZATIONNAME = "Alex Nichol";
			};
			buildConfigurationList = FA84185A16CF2A41003CD19C /* Build configuration list for PBXProject "Electrostatics" */;
			compatibilityVersion = "Xcode 3.2";
			developmentRegion = English;
			hasScannedForEncodings = 0;
			knownRegions = (
				en,
			);
			mainGroup = FA84185516CF2A41003CD19C;
			productRefGroup = FA84186116CF2A41003CD19C /* Products */;
			projectDirPath = "";
			projectRoot = "";
			targets = (
				FA84185F16CF2A41003CD19C /* Electrostatics */,
			);
		};
/* End PBXProject section */

/* Begin PBXResourcesBuildPhase section */
		FA84185E16CF2A41003CD19C /* Resources */ = {
			isa = PBXResourcesBuildPhase;
			buildActionMask = 2147483647;
			files = (
				FA84186F16CF2A41003CD19C /* InfoPlist.strings in Resources */,
				FA84187716CF2A41003CD19C /* Default.png in Resources */,
				FA84187916CF2A41003CD19C /* Default@2x.png in Resources */,
				FA84187B16CF2A41003CD19C /* Default-568h@2x.png in Resources */,
				FA2B9CB316D2C6B400F962D7 /* dotted_box.png in Resources */,
				FA2B9CB416D2C6B400F962D7 /* dotted_box_down.png in Resources */,
				FA7F1BBF16D3172A00B69355 /* icon@2x.png in Resources */,
			);
			runOnlyForDeploymentPostprocessing = 0;
		};
/* End PBXResourcesBuildPhase section */

/* Begin PBXSourcesBuildPhase section */
		FA84185C16CF2A41003CD19C /* Sources */ = {
			isa = PBXSourcesBuildPhase;
			buildActionMask = 2147483647;
			files = (
				FA84187116CF2A41003CD19C /* main.m in Sources */,
				FA84187516CF2A41003CD19C /* ANAppDelegate.m in Sources */,
				FA84189216CF2D3B003CD19C /* ANParticle.m in Sources */,
				FA84189716CF2F08003CD19C /* ANVector2D.m in Sources */,
				FA2B9CB716D2C6D800F962D7 /* ANHomeViewController.m in Sources */,
				FA2B9CC316D2C9FE00F962D7 /* ANDocumentInfo.m in Sources */,
				FA2B9CC416D2C9FE00F962D7 /* ANDocumentManager.m in Sources */,
				FA2B9CC716D2CE6B00F962D7 /* ANOpenViewController.m in Sources */,
				FA2B9CCA16D2D47300F962D7 /* ANCreateViewController.m in Sources */,
				FA2B9CD416D2E0E300F962D7 /* ANDocumentViewController.m in Sources */,
				FA2B9CD816D2E91200F962D7 /* ANSceneView.m in Sources */,
				FACFF98216D309650067BE54 /* ANParticleViewController.m in Sources */,
				FAFE68A316D44926008CD6C9 /* ANSelectableTextField.m in Sources */,
				FAFE68A616D44D14008CD6C9 /* ANRenameViewController.m in Sources */,
				FAF7444D16D6DACE00096CF2 /* ANLiveParticle.m in Sources */,
				FA28D69A171D6B5F006CF269 /* ANSpring.m in Sources */,
				FA28D6A2171D6CD3006CF269 /* ANDraggableArrow.m in Sources */,
				FA28D6A3171D6CD3006CF269 /* ANDraggableLink.m in Sources */,
				FA28D6A4171D6CD3006CF269 /* ANDraggableSpring.m in Sources */,
				FA28D6A7171D6CDB006CF269 /* ANLiveSpring.m in Sources */,
				2E8723D4171DD1DD00E85C7D /* ANSaveableScene.m in Sources */,
			);
			runOnlyForDeploymentPostprocessing = 0;
		};
/* End PBXSourcesBuildPhase section */

/* Begin PBXVariantGroup section */
		FA84186D16CF2A41003CD19C /* InfoPlist.strings */ = {
			isa = PBXVariantGroup;
			children = (
				FA84186E16CF2A41003CD19C /* en */,
			);
			name = InfoPlist.strings;
			sourceTree = "<group>";
		};
/* End PBXVariantGroup section */

/* Begin XCBuildConfiguration section */
		FA84187C16CF2A41003CD19C /* Debug */ = {
			isa = XCBuildConfiguration;
			buildSettings = {
				ALWAYS_SEARCH_USER_PATHS = NO;
				CLANG_CXX_LANGUAGE_STANDARD = "gnu++0x";
				CLANG_CXX_LIBRARY = "libc++";
				CLANG_ENABLE_OBJC_ARC = YES;
				CLANG_WARN_EMPTY_BODY = YES;
				CLANG_WARN__DUPLICATE_METHOD_MATCH = YES;
				"CODE_SIGN_IDENTITY[sdk=iphoneos*]" = "iPhone Developer";
				COPY_PHASE_STRIP = NO;
				GCC_C_LANGUAGE_STANDARD = gnu99;
				GCC_DYNAMIC_NO_PIC = NO;
				GCC_OPTIMIZATION_LEVEL = 0;
				GCC_PREPROCESSOR_DEFINITIONS = (
					"DEBUG=1",
					"$(inherited)",
				);
				GCC_SYMBOLS_PRIVATE_EXTERN = NO;
				GCC_WARN_ABOUT_RETURN_TYPE = YES;
				GCC_WARN_UNINITIALIZED_AUTOS = YES;
				GCC_WARN_UNUSED_VARIABLE = YES;
				IPHONEOS_DEPLOYMENT_TARGET = 6.0;
				ONLY_ACTIVE_ARCH = YES;
				SDKROOT = iphoneos;
			};
			name = Debug;
		};
		FA84187D16CF2A41003CD19C /* Release */ = {
			isa = XCBuildConfiguration;
			buildSettings = {
				ALWAYS_SEARCH_USER_PATHS = NO;
				CLANG_CXX_LANGUAGE_STANDARD = "gnu++0x";
				CLANG_CXX_LIBRARY = "libc++";
				CLANG_ENABLE_OBJC_ARC = YES;
				CLANG_WARN_EMPTY_BODY = YES;
				CLANG_WARN__DUPLICATE_METHOD_MATCH = YES;
				"CODE_SIGN_IDENTITY[sdk=iphoneos*]" = "iPhone Developer";
				COPY_PHASE_STRIP = YES;
				GCC_C_LANGUAGE_STANDARD = gnu99;
				GCC_WARN_ABOUT_RETURN_TYPE = YES;
				GCC_WARN_UNINITIALIZED_AUTOS = YES;
				GCC_WARN_UNUSED_VARIABLE = YES;
				IPHONEOS_DEPLOYMENT_TARGET = 6.0;
				OTHER_CFLAGS = "-DNS_BLOCK_ASSERTIONS=1";
				SDKROOT = iphoneos;
				VALIDATE_PRODUCT = YES;
			};
			name = Release;
		};
		FA84187F16CF2A41003CD19C /* Debug */ = {
			isa = XCBuildConfiguration;
			buildSettings = {
				GCC_PRECOMPILE_PREFIX_HEADER = YES;
				GCC_PREFIX_HEADER = "Electrostatics/Electrostatics-Prefix.pch";
				INFOPLIST_FILE = "Electrostatics/Electrostatics-Info.plist";
				IPHONEOS_DEPLOYMENT_TARGET = 5.0;
				PRODUCT_NAME = "$(TARGET_NAME)";
				WRAPPER_EXTENSION = app;
			};
			name = Debug;
		};
		FA84188016CF2A41003CD19C /* Release */ = {
			isa = XCBuildConfiguration;
			buildSettings = {
				GCC_PRECOMPILE_PREFIX_HEADER = YES;
				GCC_PREFIX_HEADER = "Electrostatics/Electrostatics-Prefix.pch";
				INFOPLIST_FILE = "Electrostatics/Electrostatics-Info.plist";
				IPHONEOS_DEPLOYMENT_TARGET = 5.0;
				PRODUCT_NAME = "$(TARGET_NAME)";
				WRAPPER_EXTENSION = app;
			};
			name = Release;
		};
/* End XCBuildConfiguration section */

/* Begin XCConfigurationList section */
		FA84185A16CF2A41003CD19C /* Build configuration list for PBXProject "Electrostatics" */ = {
			isa = XCConfigurationList;
			buildConfigurations = (
				FA84187C16CF2A41003CD19C /* Debug */,
				FA84187D16CF2A41003CD19C /* Release */,
			);
			defaultConfigurationIsVisible = 0;
			defaultConfigurationName = Release;
		};
		FA84187E16CF2A41003CD19C /* Build configuration list for PBXNativeTarget "Electrostatics" */ = {
			isa = XCConfigurationList;
			buildConfigurations = (
				FA84187F16CF2A41003CD19C /* Debug */,
				FA84188016CF2A41003CD19C /* Release */,
			);
			defaultConfigurationIsVisible = 0;
			defaultConfigurationName = Release;
		};
/* End XCConfigurationList section */
	};
	rootObject = FA84185716CF2A41003CD19C /* Project object */;
}
